// !$*UTF8*$!
{
	archiveVersion = 1;
	classes = {
	};
	objectVersion = 77;
	objects = {

/* Begin PBXBuildFile section */
		8CC2C3CC2D5656E300D3BB1B /* ContentView.swift in Sources */ = {isa = PBXBuildFile; fileRef = 8CC2C3C92D5656E300D3BB1B /* ContentView.swift */; };
		8CC2C3CD2D5656E300D3BB1B /* SavangerHuntApp.swift in Sources */ = {isa = PBXBuildFile; fileRef = 8CC2C3CA2D5656E300D3BB1B /* SavangerHuntApp.swift */; };
		8CC2C3CE2D5656E300D3BB1B /* Preview Assets.xcassets in Resources */ = {isa = PBXBuildFile; fileRef = 8CC2C3C62D5656E300D3BB1B /* Preview Assets.xcassets */; };
		8CC2C3CF2D5656E300D3BB1B /* Assets.xcassets in Resources */ = {isa = PBXBuildFile; fileRef = 8CC2C3C82D5656E300D3BB1B /* Assets.xcassets */; };
		8CC2C3D52D5659A000D3BB1B /* Clue.swift in Sources */ = {isa = PBXBuildFile; fileRef = 8CC2C3D42D5659A000D3BB1B /* Clue.swift */; };
		8CC2C3D72D5659AA00D3BB1B /* HuntData.swift in Sources */ = {isa = PBXBuildFile; fileRef = 8CC2C3D62D5659AA00D3BB1B /* HuntData.swift */; };
		8CC2C3D92D5659C400D3BB1B /* ViewExtensions.swift in Sources */ = {isa = PBXBuildFile; fileRef = 8CC2C3D82D5659C400D3BB1B /* ViewExtensions.swift */; };
		8CC2C3DB2D5659DF00D3BB1B /* HuntViewModel.swift in Sources */ = {isa = PBXBuildFile; fileRef = 8CC2C3DA2D5659DF00D3BB1B /* HuntViewModel.swift */; };
		8CC2C3DF2D565A1900D3BB1B /* HomeView.swift in Sources */ = {isa = PBXBuildFile; fileRef = 8CC2C3DE2D565A1900D3BB1B /* HomeView.swift */; };
		8CC2C3E12D565A2400D3BB1B /* ClueDetailView.swift in Sources */ = {isa = PBXBuildFile; fileRef = 8CC2C3E02D565A2400D3BB1B /* ClueDetailView.swift */; };
		8CC2C3E32D565A2F00D3BB1B /* ClueListView.swift in Sources */ = {isa = PBXBuildFile; fileRef = 8CC2C3E22D565A2F00D3BB1B /* ClueListView.swift */; };
		8CC2C3E52D565A8400D3BB1B /* RewardView.swift in Sources */ = {isa = PBXBuildFile; fileRef = 8CC2C3E42D565A8400D3BB1B /* RewardView.swift */; };
		8CC2C3E72D56641F00D3BB1B /* ProfileView.swift in Sources */ = {isa = PBXBuildFile; fileRef = 8CC2C3E62D56641F00D3BB1B /* ProfileView.swift */; };
		8CC2C3E92D56643400D3BB1B /* MainTabView.swift in Sources */ = {isa = PBXBuildFile; fileRef = 8CC2C3E82D56643400D3BB1B /* MainTabView.swift */; };
		8CC2C3EC2D56676100D3BB1B /* Settings.swift in Sources */ = {isa = PBXBuildFile; fileRef = 8CC2C3EB2D56676100D3BB1B /* Settings.swift */; };
/* End PBXBuildFile section */

/* Begin PBXFileReference section */
		8CC2C3B52D56556300D3BB1B /* SavangerHunt.app */ = {isa = PBXFileReference; explicitFileType = wrapper.application; includeInIndex = 0; path = SavangerHunt.app; sourceTree = BUILT_PRODUCTS_DIR; };
		8CC2C3C62D5656E300D3BB1B /* Preview Assets.xcassets */ = {isa = PBXFileReference; lastKnownFileType = folder.assetcatalog; path = "Preview Assets.xcassets"; sourceTree = "<group>"; };
		8CC2C3C82D5656E300D3BB1B /* Assets.xcassets */ = {isa = PBXFileReference; lastKnownFileType = folder.assetcatalog; path = Assets.xcassets; sourceTree = "<group>"; };
		8CC2C3C92D5656E300D3BB1B /* ContentView.swift */ = {isa = PBXFileReference; lastKnownFileType = sourcecode.swift; path = ContentView.swift; sourceTree = "<group>"; };
		8CC2C3CA2D5656E300D3BB1B /* SavangerHuntApp.swift */ = {isa = PBXFileReference; lastKnownFileType = sourcecode.swift; path = SavangerHuntApp.swift; sourceTree = "<group>"; };
		8CC2C3D42D5659A000D3BB1B /* Clue.swift */ = {isa = PBXFileReference; lastKnownFileType = sourcecode.swift; path = Clue.swift; sourceTree = "<group>"; };
		8CC2C3D62D5659AA00D3BB1B /* HuntData.swift */ = {isa = PBXFileReference; lastKnownFileType = sourcecode.swift; path = HuntData.swift; sourceTree = "<group>"; };
		8CC2C3D82D5659C400D3BB1B /* ViewExtensions.swift */ = {isa = PBXFileReference; lastKnownFileType = sourcecode.swift; path = ViewExtensions.swift; sourceTree = "<group>"; };
		8CC2C3DA2D5659DF00D3BB1B /* HuntViewModel.swift */ = {isa = PBXFileReference; lastKnownFileType = sourcecode.swift; path = HuntViewModel.swift; sourceTree = "<group>"; };
		8CC2C3DE2D565A1900D3BB1B /* HomeView.swift */ = {isa = PBXFileReference; lastKnownFileType = sourcecode.swift; path = HomeView.swift; sourceTree = "<group>"; };
		8CC2C3E02D565A2400D3BB1B /* ClueDetailView.swift */ = {isa = PBXFileReference; lastKnownFileType = sourcecode.swift; path = ClueDetailView.swift; sourceTree = "<group>"; };
		8CC2C3E22D565A2F00D3BB1B /* ClueListView.swift */ = {isa = PBXFileReference; lastKnownFileType = sourcecode.swift; path = ClueListView.swift; sourceTree = "<group>"; };
		8CC2C3E42D565A8400D3BB1B /* RewardView.swift */ = {isa = PBXFileReference; lastKnownFileType = sourcecode.swift; path = RewardView.swift; sourceTree = "<group>"; };
		8CC2C3E62D56641F00D3BB1B /* ProfileView.swift */ = {isa = PBXFileReference; lastKnownFileType = sourcecode.swift; path = ProfileView.swift; sourceTree = "<group>"; };
		8CC2C3E82D56643400D3BB1B /* MainTabView.swift */ = {isa = PBXFileReference; lastKnownFileType = sourcecode.swift; path = MainTabView.swift; sourceTree = "<group>"; };
		8CC2C3EB2D56676100D3BB1B /* Settings.swift */ = {isa = PBXFileReference; lastKnownFileType = sourcecode.swift; path = Settings.swift; sourceTree = "<group>"; };
/* End PBXFileReference section */

/* Begin PBXFrameworksBuildPhase section */
		8CC2C3B22D56556300D3BB1B /* Frameworks */ = {
			isa = PBXFrameworksBuildPhase;
			buildActionMask = 2147483647;
			files = (
			);
			runOnlyForDeploymentPostprocessing = 0;
		};
/* End PBXFrameworksBuildPhase section */

/* Begin PBXGroup section */
		8CC2C3AC2D56556300D3BB1B = {
			isa = PBXGroup;
			children = (
				8CC2C3CB2D5656E300D3BB1B /* SavangerHunt */,
				8CC2C3B62D56556300D3BB1B /* Products */,
			);
			sourceTree = "<group>";
		};
		8CC2C3B62D56556300D3BB1B /* Products */ = {
			isa = PBXGroup;
			children = (
				8CC2C3B52D56556300D3BB1B /* SavangerHunt.app */,
			);
			name = Products;
			sourceTree = "<group>";
		};
		8CC2C3C72D5656E300D3BB1B /* Preview Content */ = {
			isa = PBXGroup;
			children = (
				8CC2C3C62D5656E300D3BB1B /* Preview Assets.xcassets */,
			);
			path = "Preview Content";
			sourceTree = "<group>";
		};
		8CC2C3CB2D5656E300D3BB1B /* SavangerHunt */ = {
			isa = PBXGroup;
			children = (
				8CC2C3EA2D56675600D3BB1B /* Config */,
				8CC2C3D32D5657AE00D3BB1B /* Extensions */,
				8CC2C3D22D56570500D3BB1B /* ViewModels */,
				8CC2C3D12D5656FF00D3BB1B /* Views */,
				8CC2C3D02D5656F400D3BB1B /* Models */,
				8CC2C3C72D5656E300D3BB1B /* Preview Content */,
				8CC2C3C82D5656E300D3BB1B /* Assets.xcassets */,
				8CC2C3C92D5656E300D3BB1B /* ContentView.swift */,
				8CC2C3CA2D5656E300D3BB1B /* SavangerHuntApp.swift */,
			);
			path = SavangerHunt;
			sourceTree = "<group>";
		};
		8CC2C3D02D5656F400D3BB1B /* Models */ = {
			isa = PBXGroup;
			children = (
				8CC2C3D42D5659A000D3BB1B /* Clue.swift */,
				8CC2C3D62D5659AA00D3BB1B /* HuntData.swift */,
			);
			path = Models;
			sourceTree = "<group>";
		};
		8CC2C3D12D5656FF00D3BB1B /* Views */ = {
			isa = PBXGroup;
			children = (
				8CC2C3DE2D565A1900D3BB1B /* HomeView.swift */,
				8CC2C3E02D565A2400D3BB1B /* ClueDetailView.swift */,
				8CC2C3E22D565A2F00D3BB1B /* ClueListView.swift */,
				8CC2C3E42D565A8400D3BB1B /* RewardView.swift */,
				8CC2C3E62D56641F00D3BB1B /* ProfileView.swift */,
				8CC2C3E82D56643400D3BB1B /* MainTabView.swift */,
			);
			path = Views;
			sourceTree = "<group>";
		};
		8CC2C3D22D56570500D3BB1B /* ViewModels */ = {
			isa = PBXGroup;
			children = (
				8CC2C3DA2D5659DF00D3BB1B /* HuntViewModel.swift */,
			);
			path = ViewModels;
			sourceTree = "<group>";
		};
		8CC2C3D32D5657AE00D3BB1B /* Extensions */ = {
			isa = PBXGroup;
			children = (
				8CC2C3D82D5659C400D3BB1B /* ViewExtensions.swift */,
			);
			path = Extensions;
			sourceTree = "<group>";
		};
		8CC2C3EA2D56675600D3BB1B /* Config */ = {
			isa = PBXGroup;
			children = (
				8CC2C3EB2D56676100D3BB1B /* Settings.swift */,
			);
			path = Config;
			sourceTree = "<group>";
		};
/* End PBXGroup section */

/* Begin PBXNativeTarget section */
		8CC2C3B42D56556300D3BB1B /* SavangerHunt */ = {
			isa = PBXNativeTarget;
			buildConfigurationList = 8CC2C3C32D56556400D3BB1B /* Build configuration list for PBXNativeTarget "SavangerHunt" */;
			buildPhases = (
				8CC2C3B12D56556300D3BB1B /* Sources */,
				8CC2C3B22D56556300D3BB1B /* Frameworks */,
				8CC2C3B32D56556300D3BB1B /* Resources */,
			);
			buildRules = (
			);
			dependencies = (
			);
			name = SavangerHunt;
			packageProductDependencies = (
			);
			productName = SavangerHunt;
			productReference = 8CC2C3B52D56556300D3BB1B /* SavangerHunt.app */;
			productType = "com.apple.product-type.application";
		};
/* End PBXNativeTarget section */

/* Begin PBXProject section */
		8CC2C3AD2D56556300D3BB1B /* Project object */ = {
			isa = PBXProject;
			attributes = {
				BuildIndependentTargetsInParallel = 1;
				LastSwiftUpdateCheck = 1620;
				LastUpgradeCheck = 1620;
				TargetAttributes = {
					8CC2C3B42D56556300D3BB1B = {
						CreatedOnToolsVersion = 16.2;
					};
				};
			};
			buildConfigurationList = 8CC2C3B02D56556300D3BB1B /* Build configuration list for PBXProject "SavangerHunt" */;
			developmentRegion = en;
			hasScannedForEncodings = 0;
			knownRegions = (
				en,
				Base,
			);
			mainGroup = 8CC2C3AC2D56556300D3BB1B;
			minimizedProjectReferenceProxies = 1;
			preferredProjectObjectVersion = 77;
			productRefGroup = 8CC2C3B62D56556300D3BB1B /* Products */;
			projectDirPath = "";
			projectRoot = "";
			targets = (
				8CC2C3B42D56556300D3BB1B /* SavangerHunt */,
			);
		};
/* End PBXProject section */

/* Begin PBXResourcesBuildPhase section */
		8CC2C3B32D56556300D3BB1B /* Resources */ = {
			isa = PBXResourcesBuildPhase;
			buildActionMask = 2147483647;
			files = (
				8CC2C3CE2D5656E300D3BB1B /* Preview Assets.xcassets in Resources */,
				8CC2C3CF2D5656E300D3BB1B /* Assets.xcassets in Resources */,
			);
			runOnlyForDeploymentPostprocessing = 0;
		};
/* End PBXResourcesBuildPhase section */

/* Begin PBXSourcesBuildPhase section */
		8CC2C3B12D56556300D3BB1B /* Sources */ = {
			isa = PBXSourcesBuildPhase;
			buildActionMask = 2147483647;
			files = (
				8CC2C3CC2D5656E300D3BB1B /* ContentView.swift in Sources */,
				8CC2C3DF2D565A1900D3BB1B /* HomeView.swift in Sources */,
				8CC2C3EC2D56676100D3BB1B /* Settings.swift in Sources */,
				8CC2C3D52D5659A000D3BB1B /* Clue.swift in Sources */,
				8CC2C3E52D565A8400D3BB1B /* RewardView.swift in Sources */,
				8CC2C3D72D5659AA00D3BB1B /* HuntData.swift in Sources */,
				8CC2C3E32D565A2F00D3BB1B /* ClueListView.swift in Sources */,
				8CC2C3DB2D5659DF00D3BB1B /* HuntViewModel.swift in Sources */,
				8CC2C3D92D5659C400D3BB1B /* ViewExtensions.swift in Sources */,
				8CC2C3E12D565A2400D3BB1B /* ClueDetailView.swift in Sources */,
				8CC2C3E72D56641F00D3BB1B /* ProfileView.swift in Sources */,
				8CC2C3CD2D5656E300D3BB1B /* SavangerHuntApp.swift in Sources */,
				8CC2C3E92D56643400D3BB1B /* MainTabView.swift in Sources */,
			);
			runOnlyForDeploymentPostprocessing = 0;
		};
/* End PBXSourcesBuildPhase section */

/* Begin XCBuildConfiguration section */
		8CC2C3C12D56556400D3BB1B /* Debug */ = {
			isa = XCBuildConfiguration;
			buildSettings = {
				ALWAYS_SEARCH_USER_PATHS = NO;
				ASSETCATALOG_COMPILER_GENERATE_SWIFT_ASSET_SYMBOL_EXTENSIONS = YES;
				CLANG_ANALYZER_NONNULL = YES;
				CLANG_ANALYZER_NUMBER_OBJECT_CONVERSION = YES_AGGRESSIVE;
				CLANG_CXX_LANGUAGE_STANDARD = "gnu++20";
				CLANG_ENABLE_MODULES = YES;
				CLANG_ENABLE_OBJC_ARC = YES;
				CLANG_ENABLE_OBJC_WEAK = YES;
				CLANG_WARN_BLOCK_CAPTURE_AUTORELEASING = YES;
				CLANG_WARN_BOOL_CONVERSION = YES;
				CLANG_WARN_COMMA = YES;
				CLANG_WARN_CONSTANT_CONVERSION = YES;
				CLANG_WARN_DEPRECATED_OBJC_IMPLEMENTATIONS = YES;
				CLANG_WARN_DIRECT_OBJC_ISA_USAGE = YES_ERROR;
				CLANG_WARN_DOCUMENTATION_COMMENTS = YES;
				CLANG_WARN_EMPTY_BODY = YES;
				CLANG_WARN_ENUM_CONVERSION = YES;
				CLANG_WARN_INFINITE_RECURSION = YES;
				CLANG_WARN_INT_CONVERSION = YES;
				CLANG_WARN_NON_LITERAL_NULL_CONVERSION = YES;
				CLANG_WARN_OBJC_IMPLICIT_RETAIN_SELF = YES;
				CLANG_WARN_OBJC_LITERAL_CONVERSION = YES;
				CLANG_WARN_OBJC_ROOT_CLASS = YES_ERROR;
				CLANG_WARN_QUOTED_INCLUDE_IN_FRAMEWORK_HEADER = YES;
				CLANG_WARN_RANGE_LOOP_ANALYSIS = YES;
				CLANG_WARN_STRICT_PROTOTYPES = YES;
				CLANG_WARN_SUSPICIOUS_MOVE = YES;
				CLANG_WARN_UNGUARDED_AVAILABILITY = YES_AGGRESSIVE;
				CLANG_WARN_UNREACHABLE_CODE = YES;
				CLANG_WARN__DUPLICATE_METHOD_MATCH = YES;
				COPY_PHASE_STRIP = NO;
				DEBUG_INFORMATION_FORMAT = dwarf;
				ENABLE_STRICT_OBJC_MSGSEND = YES;
				ENABLE_TESTABILITY = YES;
				ENABLE_USER_SCRIPT_SANDBOXING = YES;
				GCC_C_LANGUAGE_STANDARD = gnu17;
				GCC_DYNAMIC_NO_PIC = NO;
				GCC_NO_COMMON_BLOCKS = YES;
				GCC_OPTIMIZATION_LEVEL = 0;
				GCC_PREPROCESSOR_DEFINITIONS = (
					"DEBUG=1",
					"$(inherited)",
				);
				GCC_WARN_64_TO_32_BIT_CONVERSION = YES;
				GCC_WARN_ABOUT_RETURN_TYPE = YES_ERROR;
				GCC_WARN_UNDECLARED_SELECTOR = YES;
				GCC_WARN_UNINITIALIZED_AUTOS = YES_AGGRESSIVE;
				GCC_WARN_UNUSED_FUNCTION = YES;
				GCC_WARN_UNUSED_VARIABLE = YES;
				IPHONEOS_DEPLOYMENT_TARGET = 18.2;
				LOCALIZATION_PREFERS_STRING_CATALOGS = YES;
				MTL_ENABLE_DEBUG_INFO = INCLUDE_SOURCE;
				MTL_FAST_MATH = YES;
				ONLY_ACTIVE_ARCH = YES;
				SDKROOT = iphoneos;
				SWIFT_ACTIVE_COMPILATION_CONDITIONS = "DEBUG $(inherited)";
				SWIFT_OPTIMIZATION_LEVEL = "-Onone";
			};
			name = Debug;
		};
		8CC2C3C22D56556400D3BB1B /* Release */ = {
			isa = XCBuildConfiguration;
			buildSettings = {
				ALWAYS_SEARCH_USER_PATHS = NO;
				ASSETCATALOG_COMPILER_GENERATE_SWIFT_ASSET_SYMBOL_EXTENSIONS = YES;
				CLANG_ANALYZER_NONNULL = YES;
				CLANG_ANALYZER_NUMBER_OBJECT_CONVERSION = YES_AGGRESSIVE;
				CLANG_CXX_LANGUAGE_STANDARD = "gnu++20";
				CLANG_ENABLE_MODULES = YES;
				CLANG_ENABLE_OBJC_ARC = YES;
				CLANG_ENABLE_OBJC_WEAK = YES;
				CLANG_WARN_BLOCK_CAPTURE_AUTORELEASING = YES;
				CLANG_WARN_BOOL_CONVERSION = YES;
				CLANG_WARN_COMMA = YES;
				CLANG_WARN_CONSTANT_CONVERSION = YES;
				CLANG_WARN_DEPRECATED_OBJC_IMPLEMENTATIONS = YES;
				CLANG_WARN_DIRECT_OBJC_ISA_USAGE = YES_ERROR;
				CLANG_WARN_DOCUMENTATION_COMMENTS = YES;
				CLANG_WARN_EMPTY_BODY = YES;
				CLANG_WARN_ENUM_CONVERSION = YES;
				CLANG_WARN_INFINITE_RECURSION = YES;
				CLANG_WARN_INT_CONVERSION = YES;
				CLANG_WARN_NON_LITERAL_NULL_CONVERSION = YES;
				CLANG_WARN_OBJC_IMPLICIT_RETAIN_SELF = YES;
				CLANG_WARN_OBJC_LITERAL_CONVERSION = YES;
				CLANG_WARN_OBJC_ROOT_CLASS = YES_ERROR;
				CLANG_WARN_QUOTED_INCLUDE_IN_FRAMEWORK_HEADER = YES;
				CLANG_WARN_RANGE_LOOP_ANALYSIS = YES;
				CLANG_WARN_STRICT_PROTOTYPES = YES;
				CLANG_WARN_SUSPICIOUS_MOVE = YES;
				CLANG_WARN_UNGUARDED_AVAILABILITY = YES_AGGRESSIVE;
				CLANG_WARN_UNREACHABLE_CODE = YES;
				CLANG_WARN__DUPLICATE_METHOD_MATCH = YES;
				COPY_PHASE_STRIP = NO;
				DEBUG_INFORMATION_FORMAT = "dwarf-with-dsym";
				ENABLE_NS_ASSERTIONS = NO;
				ENABLE_STRICT_OBJC_MSGSEND = YES;
				ENABLE_USER_SCRIPT_SANDBOXING = YES;
				GCC_C_LANGUAGE_STANDARD = gnu17;
				GCC_NO_COMMON_BLOCKS = YES;
				GCC_WARN_64_TO_32_BIT_CONVERSION = YES;
				GCC_WARN_ABOUT_RETURN_TYPE = YES_ERROR;
				GCC_WARN_UNDECLARED_SELECTOR = YES;
				GCC_WARN_UNINITIALIZED_AUTOS = YES_AGGRESSIVE;
				GCC_WARN_UNUSED_FUNCTION = YES;
				GCC_WARN_UNUSED_VARIABLE = YES;
				IPHONEOS_DEPLOYMENT_TARGET = 18.2;
				LOCALIZATION_PREFERS_STRING_CATALOGS = YES;
				MTL_ENABLE_DEBUG_INFO = NO;
				MTL_FAST_MATH = YES;
				SDKROOT = iphoneos;
				SWIFT_COMPILATION_MODE = wholemodule;
				VALIDATE_PRODUCT = YES;
			};
			name = Release;
		};
		8CC2C3C42D56556400D3BB1B /* Debug */ = {
			isa = XCBuildConfiguration;
			buildSettings = {
				ASSETCATALOG_COMPILER_APPICON_NAME = AppIcon;
				ASSETCATALOG_COMPILER_GLOBAL_ACCENT_COLOR_NAME = AccentColor;
				CODE_SIGN_STYLE = Automatic;
				CURRENT_PROJECT_VERSION = 1;
				DEVELOPMENT_ASSET_PATHS = "\"SavangerHunt/Preview Content\"";
				DEVELOPMENT_TEAM = LN2HJ678YH;
				ENABLE_PREVIEWS = YES;
				GENERATE_INFOPLIST_FILE = YES;
				INFOPLIST_KEY_UIApplicationSceneManifest_Generation = YES;
				INFOPLIST_KEY_UIApplicationSupportsIndirectInputEvents = YES;
				INFOPLIST_KEY_UILaunchScreen_Generation = YES;
				INFOPLIST_KEY_UISupportedInterfaceOrientations_iPad = "UIInterfaceOrientationPortrait UIInterfaceOrientationPortraitUpsideDown UIInterfaceOrientationLandscapeLeft UIInterfaceOrientationLandscapeRight";
				INFOPLIST_KEY_UISupportedInterfaceOrientations_iPhone = "UIInterfaceOrientationPortrait UIInterfaceOrientationLandscapeLeft UIInterfaceOrientationLandscapeRight";
				LD_RUNPATH_SEARCH_PATHS = (
					"$(inherited)",
					"@executable_path/Frameworks",
				);
				MARKETING_VERSION = 1.0;
				PRODUCT_BUNDLE_IDENTIFIER = com.triosRM.SavangerHunt;
				PRODUCT_NAME = "$(TARGET_NAME)";
				SWIFT_EMIT_LOC_STRINGS = YES;
				SWIFT_VERSION = 5.0;
				TARGETED_DEVICE_FAMILY = "1,2";
			};
			name = Debug;
		};
		8CC2C3C52D56556400D3BB1B /* Release */ = {
			isa = XCBuildConfiguration;
			buildSettings = {
				ASSETCATALOG_COMPILER_APPICON_NAME = AppIcon;
				ASSETCATALOG_COMPILER_GLOBAL_ACCENT_COLOR_NAME = AccentColor;
				CODE_SIGN_STYLE = Automatic;
				CURRENT_PROJECT_VERSION = 1;
				DEVELOPMENT_ASSET_PATHS = "\"SavangerHunt/Preview Content\"";
				DEVELOPMENT_TEAM = LN2HJ678YH;
				ENABLE_PREVIEWS = YES;
				GENERATE_INFOPLIST_FILE = YES;
				INFOPLIST_KEY_UIApplicationSceneManifest_Generation = YES;
				INFOPLIST_KEY_UIApplicationSupportsIndirectInputEvents = YES;
				INFOPLIST_KEY_UILaunchScreen_Generation = YES;
				INFOPLIST_KEY_UISupportedInterfaceOrientations_iPad = "UIInterfaceOrientationPortrait UIInterfaceOrientationPortraitUpsideDown UIInterfaceOrientationLandscapeLeft UIInterfaceOrientationLandscapeRight";
				INFOPLIST_KEY_UISupportedInterfaceOrientations_iPhone = "UIInterfaceOrientationPortrait UIInterfaceOrientationLandscapeLeft UIInterfaceOrientationLandscapeRight";
				LD_RUNPATH_SEARCH_PATHS = (
					"$(inherited)",
					"@executable_path/Frameworks",
				);
				MARKETING_VERSION = 1.0;
				PRODUCT_BUNDLE_IDENTIFIER = com.triosRM.SavangerHunt;
				PRODUCT_NAME = "$(TARGET_NAME)";
				SWIFT_EMIT_LOC_STRINGS = YES;
				SWIFT_VERSION = 5.0;
				TARGETED_DEVICE_FAMILY = "1,2";
			};
			name = Release;
		};
/* End XCBuildConfiguration section */

/* Begin XCConfigurationList section */
		8CC2C3B02D56556300D3BB1B /* Build configuration list for PBXProject "SavangerHunt" */ = {
			isa = XCConfigurationList;
			buildConfigurations = (
				8CC2C3C12D56556400D3BB1B /* Debug */,
				8CC2C3C22D56556400D3BB1B /* Release */,
			);
			defaultConfigurationIsVisible = 0;
			defaultConfigurationName = Release;
		};
		8CC2C3C32D56556400D3BB1B /* Build configuration list for PBXNativeTarget "SavangerHunt" */ = {
			isa = XCConfigurationList;
			buildConfigurations = (
				8CC2C3C42D56556400D3BB1B /* Debug */,
				8CC2C3C52D56556400D3BB1B /* Release */,
			);
			defaultConfigurationIsVisible = 0;
			defaultConfigurationName = Release;
		};
/* End XCConfigurationList section */
	};
	rootObject = 8CC2C3AD2D56556300D3BB1B /* Project object */;
}
